
Microsoft Visual Studio Solution File, Format Version 12.00
# Visual Studio Version 17
VisualStudioVersion = 17.13.35818.85 d17.13
MinimumVisualStudioVersion = 10.0.40219.1
Project("{FAE04EC0-301F-11D3-BF4B-00C04F79EFBC}") = "ApiPokemonListas", "ApiPokemonListas.csproj", "{2E5DF34E-CE7A-43A5-9538-5DC8CC131C8F}"
EndProject
Global
	GlobalSection(SolutionConfigurationPlatforms) = preSolution
		Debug|Any CPU = Debug|Any CPU
		Release|Any CPU = Release|Any CPU
	EndGlobalSection
	GlobalSection(ProjectConfigurationPlatforms) = postSolution
		{2E5DF34E-CE7A-43A5-9538-5DC8CC131C8F}.Debug|Any CPU.ActiveCfg = Debug|Any CPU
		{2E5DF34E-CE7A-43A5-9538-5DC8CC131C8F}.Debug|Any CPU.Build.0 = Debug|Any CPU
		{2E5DF34E-CE7A-43A5-9538-5DC8CC131C8F}.Release|Any CPU.ActiveCfg = Release|Any CPU
		{2E5DF34E-CE7A-43A5-9538-5DC8CC131C8F}.Release|Any CPU.Build.0 = Release|Any CPU
	EndGlobalSection
	GlobalSection(SolutionProperties) = preSolution
		HideSolutionNode = FALSE
	EndGlobalSection
	GlobalSection(ExtensibilityGlobals) = postSolution
		SolutionGuid = {1F92CCE9-3BAE-44D2-BEAD-447169F48F52}
	EndGlobalSection
EndGlobal
